
Microsoft Visual Studio Solution File, Format Version 12.00
# Visual Studio Version 17
VisualStudioVersion = 17.4.33213.308
MinimumVisualStudioVersion = 10.0.40219.1
Project("{FAE04EC0-301F-11D3-BF4B-00C04F79EFBC}") = "task_1", "lab1_sem2\task_1.csproj", "{22955E0E-F484-43F1-87CF-19F60D84F62C}"
EndProject
Project("{FAE04EC0-301F-11D3-BF4B-00C04F79EFBC}") = "task_2", "task_2\task_2.csproj", "{5431B8B5-DE65-4DE2-9F33-2DA7E7888B73}"
EndProject
Project("{FAE04EC0-301F-11D3-BF4B-00C04F79EFBC}") = "task_3", "task_3\task_3.csproj", "{A13B48DC-19ED-4FB1-A3B5-A6951DA2AF85}"
EndProject
Global
	GlobalSection(SolutionConfigurationPlatforms) = preSolution
		Debug|Any CPU = Debug|Any CPU
		Release|Any CPU = Release|Any CPU
	EndGlobalSection
	GlobalSection(ProjectConfigurationPlatforms) = postSolution
		{22955E0E-F484-43F1-87CF-19F60D84F62C}.Debug|Any CPU.ActiveCfg = Debug|Any CPU
		{22955E0E-F484-43F1-87CF-19F60D84F62C}.Debug|Any CPU.Build.0 = Debug|Any CPU
		{22955E0E-F484-43F1-87CF-19F60D84F62C}.Release|Any CPU.ActiveCfg = Release|Any CPU
		{22955E0E-F484-43F1-87CF-19F60D84F62C}.Release|Any CPU.Build.0 = Release|Any CPU
		{5431B8B5-DE65-4DE2-9F33-2DA7E7888B73}.Debug|Any CPU.ActiveCfg = Debug|Any CPU
		{5431B8B5-DE65-4DE2-9F33-2DA7E7888B73}.Debug|Any CPU.Build.0 = Debug|Any CPU
		{5431B8B5-DE65-4DE2-9F33-2DA7E7888B73}.Release|Any CPU.ActiveCfg = Release|Any CPU
		{5431B8B5-DE65-4DE2-9F33-2DA7E7888B73}.Release|Any CPU.Build.0 = Release|Any CPU
		{A13B48DC-19ED-4FB1-A3B5-A6951DA2AF85}.Debug|Any CPU.ActiveCfg = Debug|Any CPU
		{A13B48DC-19ED-4FB1-A3B5-A6951DA2AF85}.Debug|Any CPU.Build.0 = Debug|Any CPU
		{A13B48DC-19ED-4FB1-A3B5-A6951DA2AF85}.Release|Any CPU.ActiveCfg = Release|Any CPU
		{A13B48DC-19ED-4FB1-A3B5-A6951DA2AF85}.Release|Any CPU.Build.0 = Release|Any CPU
	EndGlobalSection
	GlobalSection(SolutionProperties) = preSolution
		HideSolutionNode = FALSE
	EndGlobalSection
	GlobalSection(ExtensibilityGlobals) = postSolution
		SolutionGuid = {3BF3C0E5-FE9C-4589-B692-F37D4D9AFAC9}
	EndGlobalSection
EndGlobal
